
Microsoft Visual Studio Solution File, Format Version 12.00
# Visual Studio Version 16
VisualStudioVersion = 16.0.30907.101
MinimumVisualStudioVersion = 10.0.40219.1
Project("{FAE04EC0-301F-11D3-BF4B-00C04F79EFBC}") = "ZavrsnoPonavljanjeZad1", "ZavrsnoPonavljanjeZad1\ZavrsnoPonavljanjeZad1.csproj", "{5E451D63-FC8F-4863-9DB4-9718E1F5273B}"
EndProject
Global
	GlobalSection(SolutionConfigurationPlatforms) = preSolution
		Debug|Any CPU = Debug|Any CPU
		Release|Any CPU = Release|Any CPU
	EndGlobalSection
	GlobalSection(ProjectConfigurationPlatforms) = postSolution
		{5E451D63-FC8F-4863-9DB4-9718E1F5273B}.Debug|Any CPU.ActiveCfg = Debug|Any CPU
		{5E451D63-FC8F-4863-9DB4-9718E1F5273B}.Debug|Any CPU.Build.0 = Debug|Any CPU
		{5E451D63-FC8F-4863-9DB4-9718E1F5273B}.Release|Any CPU.ActiveCfg = Release|Any CPU
		{5E451D63-FC8F-4863-9DB4-9718E1F5273B}.Release|Any CPU.Build.0 = Release|Any CPU
	EndGlobalSection
	GlobalSection(SolutionProperties) = preSolution
		HideSolutionNode = FALSE
	EndGlobalSection
	GlobalSection(ExtensibilityGlobals) = postSolution
		SolutionGuid = {ED2D7BC1-382B-44CD-A44B-D415C727037A}
	EndGlobalSection
EndGlobal
